{
  "name": "datom",
  "version": "7.0.3",
  "lockfileVersion": 2,
  "requires": true,
  "packages": {
    "": {
      "version": "7.0.3",
      "license": "ISC",
      "dependencies": {
        "cnd": "^9.0.0",
        "cupofjoe": "^0.1.1",
        "emittery": "0.6.0",
        "intertype": "^7.0.2",
        "letsfreezethat": "^3.0.3",
        "multimix": "^4.1.0"
      }
    },
    "node_modules/cnd": {
      "version": "9.0.0",
      "resolved": "https://registry.npmjs.org/cnd/-/cnd-9.0.0.tgz",
      "integrity": "sha512-1AppoXfThejErDB8E3GHxRdBZZ0zGEX0/XbetVoiEjJajhUJdkIgry5yb6dm8wvpgQHAWN5iWx5HpHMXLDOSFw=="
    },
    "node_modules/cupofjoe": {
      "version": "0.1.1",
      "resolved": "https://registry.npmjs.org/cupofjoe/-/cupofjoe-0.1.1.tgz",
      "integrity": "sha512-lNapdhUmwN0y94FGYvGubow+ZznI/A8+AlETPRli5+N4WkSnCys9Md1MiG8ZFPhjpS5Z+/NYC8nWdu+sLOOd/Q==",
      "dependencies": {
        "cnd": "^9.0.0",
        "intertype": "^7.0.2",
        "multimix": "^4.0.0"
      }
    },
    "node_modules/emittery": {
      "version": "0.6.0",
      "resolved": "https://registry.npmjs.org/emittery/-/emittery-0.6.0.tgz",
      "integrity": "sha512-6EMRGr9KzYWp8DzHFZsKVZBsMO6QhAeHMeHND8rhyBNCHKMLpgW9tZv40bwN3rAIKRS5CxcK8oLRKUJSB9h7yQ=="
    },
    "node_modules/intertype": {
      "version": "7.0.2",
      "resolved": "https://registry.npmjs.org/intertype/-/intertype-7.0.2.tgz",
      "integrity": "sha512-09SoabN/hneTIP3/IsNrbymNx+m++r8WvEHMJbKsFmor1339FdpyPDsiMbkIbMXLda7d2W+YlYknIFFz6sfAWA==",
      "dependencies": {
        "cnd": "^9.0.0",
        "multimix": "^4.0.0"
      }
    },
    "node_modules/letsfreezethat": {
      "version": "3.0.3",
      "resolved": "https://registry.npmjs.org/letsfreezethat/-/letsfreezethat-3.0.3.tgz",
      "integrity": "sha512-Ckrod5Pcp056zgpEZNEk8P+m7QqHWLOU7NwoCLdSpJutdDvE8MIUPVYIUZpewbHZKFS6hfOCcbk3E4AC7fu4hg=="
    },
    "node_modules/multimix": {
      "version": "4.1.0",
      "resolved": "https://registry.npmjs.org/multimix/-/multimix-4.1.0.tgz",
      "integrity": "sha512-GUV1SMXk7ZS/DiLHNYA6G43I+ORymTRvixCXBebR8kIFWy/1Syl7WmoI0dBvPzvs7goIK3VbCRO+EtIEP2R11w==",
      "dependencies": {
        "cnd": "^9.0.0"
      }
    }
  },
  "dependencies": {
    "cnd": {
      "version": "9.0.0",
      "resolved": "https://registry.npmjs.org/cnd/-/cnd-9.0.0.tgz",
      "integrity": "sha512-1AppoXfThejErDB8E3GHxRdBZZ0zGEX0/XbetVoiEjJajhUJdkIgry5yb6dm8wvpgQHAWN5iWx5HpHMXLDOSFw=="
    },
    "cupofjoe": {
      "version": "0.1.1",
      "resolved": "https://registry.npmjs.org/cupofjoe/-/cupofjoe-0.1.1.tgz",
      "integrity": "sha512-lNapdhUmwN0y94FGYvGubow+ZznI/A8+AlETPRli5+N4WkSnCys9Md1MiG8ZFPhjpS5Z+/NYC8nWdu+sLOOd/Q==",
      "requires": {
        "cnd": "^9.0.0",
        "intertype": "^7.0.2",
        "multimix": "^4.0.0"
      }
    },
    "emittery": {
      "version": "0.6.0",
      "resolved": "https://registry.npmjs.org/emittery/-/emittery-0.6.0.tgz",
      "integrity": "sha512-6EMRGr9KzYWp8DzHFZsKVZBsMO6QhAeHMeHND8rhyBNCHKMLpgW9tZv40bwN3rAIKRS5CxcK8oLRKUJSB9h7yQ=="
    },
    "intertype": {
      "version": "7.0.2",
      "resolved": "https://registry.npmjs.org/intertype/-/intertype-7.0.2.tgz",
      "integrity": "sha512-09SoabN/hneTIP3/IsNrbymNx+m++r8WvEHMJbKsFmor1339FdpyPDsiMbkIbMXLda7d2W+YlYknIFFz6sfAWA==",
      "requires": {
        "cnd": "^9.0.0",
        "multimix": "^4.0.0"
      }
    },
    "letsfreezethat": {
      "version": "3.0.3",
      "resolved": "https://registry.npmjs.org/letsfreezethat/-/letsfreezethat-3.0.3.tgz",
      "integrity": "sha512-Ckrod5Pcp056zgpEZNEk8P+m7QqHWLOU7NwoCLdSpJutdDvE8MIUPVYIUZpewbHZKFS6hfOCcbk3E4AC7fu4hg=="
    },
    "multimix": {
      "version": "4.1.0",
      "resolved": "https://registry.npmjs.org/multimix/-/multimix-4.1.0.tgz",
      "integrity": "sha512-GUV1SMXk7ZS/DiLHNYA6G43I+ORymTRvixCXBebR8kIFWy/1Syl7WmoI0dBvPzvs7goIK3VbCRO+EtIEP2R11w==",
      "requires": {
        "cnd": "^9.0.0"
      }
    }
  }
}
