{
  "name": "datom",
  "version": "7.0.3",
  "lockfileVersion": 1,
  "requires": true,
  "dependencies": {
    "cnd": {
      "version": "9.0.0",
      "resolved": "https://registry.npmjs.org/cnd/-/cnd-9.0.0.tgz",
      "integrity": "sha512-1AppoXfThejErDB8E3GHxRdBZZ0zGEX0/XbetVoiEjJajhUJdkIgry5yb6dm8wvpgQHAWN5iWx5HpHMXLDOSFw=="
    },
    "cupofjoe": {
      "version": "0.1.1",
      "resolved": "https://registry.npmjs.org/cupofjoe/-/cupofjoe-0.1.1.tgz",
      "integrity": "sha512-lNapdhUmwN0y94FGYvGubow+ZznI/A8+AlETPRli5+N4WkSnCys9Md1MiG8ZFPhjpS5Z+/NYC8nWdu+sLOOd/Q==",
      "requires": {
        "cnd": "^9.0.0",
        "intertype": "^7.0.2",
        "multimix": "^4.0.0"
      }
    },
    "emittery": {
      "version": "0.6.0",
      "resolved": "https://registry.npmjs.org/emittery/-/emittery-0.6.0.tgz",
      "integrity": "sha512-6EMRGr9KzYWp8DzHFZsKVZBsMO6QhAeHMeHND8rhyBNCHKMLpgW9tZv40bwN3rAIKRS5CxcK8oLRKUJSB9h7yQ=="
    },
    "intertype": {
      "version": "7.0.2",
      "resolved": "https://registry.npmjs.org/intertype/-/intertype-7.0.2.tgz",
      "integrity": "sha512-09SoabN/hneTIP3/IsNrbymNx+m++r8WvEHMJbKsFmor1339FdpyPDsiMbkIbMXLda7d2W+YlYknIFFz6sfAWA==",
      "requires": {
        "cnd": "^9.0.0",
        "multimix": "^4.0.0"
      }
    },
    "letsfreezethat": {
      "version": "2.2.5",
      "resolved": "https://registry.npmjs.org/letsfreezethat/-/letsfreezethat-2.2.5.tgz",
      "integrity": "sha512-w4XD73ki7rClXBft9OmvngG6abnE71h0BTMNCCXdmDGI3zYNIZYjG6/fOhRjz1crWc5ic/XGKdl6KkusftiKpA=="
    },
    "multimix": {
      "version": "4.1.0",
      "resolved": "https://registry.npmjs.org/multimix/-/multimix-4.1.0.tgz",
      "integrity": "sha512-GUV1SMXk7ZS/DiLHNYA6G43I+ORymTRvixCXBebR8kIFWy/1Syl7WmoI0dBvPzvs7goIK3VbCRO+EtIEP2R11w==",
      "requires": {
        "cnd": "^9.0.0"
      }
    }
  }
}
