lockfileVersion: 5.4

specifiers:
  cnd: 9.2.2
  cupofjoe: 0.2.1
  intertype: 7.7.0
  letsfreezethat: ^3.1.0
  multimix: 5.0.0

dependencies:
  cnd: 9.2.2
  cupofjoe: 0.2.1
  intertype: 7.7.0
  letsfreezethat: 3.1.0
  multimix: 5.0.0

packages:

  /cnd/9.2.1:
    resolution: {integrity: sha512-JszZtSlOCxkIvNPKpw1PmIcQUjYO+pBqVoKVH2STHLtG4JHHJ1NHowv39lhyxzlPxUTZk7pZ3qO7CfrfJ8ZSKw==}
    hasBin: true
    dev: false

  /cnd/9.2.2:
    resolution: {integrity: sha512-F+/H+7luk4fZkvN0+MT0I2nwn80YM/EtfMttNUFxENR50XJH4g0KgQevzeyEJ8B6t6l8Tb4Xti6QAksa8DmePA==}
    hasBin: true
    dependencies:
      jsx-number-format: 0.1.5
    dev: false

  /cupofjoe/0.2.1:
    resolution: {integrity: sha512-kZHlb3DmPu2jV0rmZvqsGwI8OEy+VEyN+50bUFp95HrD1buun7G9BVpf286UiL+sNfjXEn4EdbAFHASkxibSHQ==}
    dependencies:
      cnd: 9.2.1
      intertype: 7.6.5
      multimix: 5.0.0
    dev: false

  /intertype/7.6.5:
    resolution: {integrity: sha512-763YK3ezLYy9FkX+cTTg/qwGHteqlaTMiec9a2sVAKm7kXp9e7QkzbyYS6u4CcbLxx12L8bcRbe3SFsPeaJCMA==}
    dependencies:
      multimix: 5.0.0
    dev: false

  /intertype/7.7.0:
    resolution: {integrity: sha512-Sv923oXpq9In8/CuxP5KAKc3FIETOEl23ltwSfLOnn/8V8A5pDRlxWo0vhaA6p7WybRMgeZXsE4Etw98tWUMPA==}
    dependencies:
      multimix: 5.0.0
    dev: false

  /jsx-number-format/0.1.5:
    resolution: {integrity: sha512-eS1SvW5Lm+UQOrpxqtTF6NgPDupYlCV1GXJr+f/1yp+nwQH/4qW6XarwCcdphQjNHrJFC4ko2MgRyRDS/ypqZw==}
    dev: false

  /letsfreezethat/3.1.0:
    resolution: {integrity: sha512-jJ1nvvQi6unW0WifjNPMIb64Byom0EXzSKWFYA++EpyjK3qv1J2pqeSoEJ61tGJoNG0GoNjPoeLYhxW16riZaA==}
    dev: false

  /multimix/5.0.0:
    resolution: {integrity: sha512-N9cdGSDDD7kxOV7R6e4iZqsHTZ4F4iiSDWqMcVqx4gEH6HBtRXav39Gj3fgT1YqvBcwPCQuf0Oa5R2cDaLWK8A==}
    dev: false
