lockfileVersion: '6.0'

dependencies:
  guy:
    specifier: ^13.5.0
    version: 13.5.0(acorn-loose@8.3.0)(acorn-walk@8.2.0)(acorn@8.8.2)(astring@1.8.4)(dayjs@1.11.7)(tmp@0.2.1)
  intertype:
    specifier: 0.115.0
    version: 0.115.0(acorn-loose@8.3.0)(acorn-walk@8.2.0)(acorn@8.8.2)(astring@1.8.4)(tmp@0.2.1)
  letsfreezethat:
    specifier: ^3.1.0
    version: 3.1.0

packages:

  /acorn-loose@8.3.0:
    resolution: {integrity: sha512-75lAs9H19ldmW+fAbyqHdjgdCrz0pWGXKmnqFoh8PyVd1L2RIb4RzYrSjmopeqv3E1G3/Pimu6GgLlrGbrkF7w==}
    engines: {node: '>=0.4.0'}
    dependencies:
      acorn: 8.8.2
    dev: false

  /acorn-walk@8.2.0:
    resolution: {integrity: sha512-k+iyHEuPgSw6SbuDpGQM+06HQUa04DZ3o+F6CSzXMvvI5KMvnaEqXe+YVe555R9nn6GPt404fos4wcgpw12SDA==}
    engines: {node: '>=0.4.0'}
    dev: false

  /acorn@8.8.2:
    resolution: {integrity: sha512-xjIYgE8HBrkpd/sJqOGNspf8uHG+NOHGOw6a/Urj8taM2EXfdNAH2oFcPeIFfsv3+kz/mJrS5VuMqbNLjCa2vw==}
    engines: {node: '>=0.4.0'}
    hasBin: true
    dev: false

  /ansi-regex@5.0.1:
    resolution: {integrity: sha512-quJQXlTSUGL2LH9SUXo8VwsY4soanhgo6LNSm84E1LBcE8s3O0wpdiRzyR9z/ZZJMlMWv37qOOb9pdJlMUEKFQ==}
    engines: {node: '>=8'}
    dev: false

  /astring@1.8.4:
    resolution: {integrity: sha512-97a+l2LBU3Op3bBQEff79i/E4jMD2ZLFD8rHx9B6mXyB2uQwhJQYfiDqUwtfjF4QA1F2qs//N6Cw8LetMbQjcw==}
    hasBin: true
    dev: false

  /balanced-match@1.0.2:
    resolution: {integrity: sha512-3oSeUO0TMV67hN1AmbXsK4yaqU7tjiHlbxRDZOpH0KW9+CeX4bRAaX0Anxt0tx2MrpRpWwQaPwIlISEJhYU5Pw==}
    dev: false

  /brace-expansion@1.1.11:
    resolution: {integrity: sha512-iCuPHDFgrHX7H2vEI/5xpz07zSHB00TpugqhmYtVmMO6518mCuRMoOYFldEBl0g187ufozdaHgWKcYFb61qGiA==}
    dependencies:
      balanced-match: 1.0.2
      concat-map: 0.0.1
    dev: false

  /concat-map@0.0.1:
    resolution: {integrity: sha512-/Srv4dswyQNBfohGpz9o6Yb3Gz3SrUDqBH5rTuhGR7ahtlbYKnVxw2bCFMRljaA7EXHaXZ8wsHdodFvbkhKmqg==}
    dev: false

  /dayjs@1.11.7:
    resolution: {integrity: sha512-+Yw9U6YO5TQohxLcIkrXBeY73WP3ejHWVvx8XCk3gxvQDCTEmS48ZrSZCKciI7Bhl/uCMyxYtE9UqRILmFphkQ==}
    dev: false

  /emoji-regex@8.0.0:
    resolution: {integrity: sha512-MSjYzcWNOA0ewAHpz0MxpYFvwg6yjy1NG3xteoqz644VCo/RPgnr1/GGt+ic3iJTzQ8Eu3TdM14SawnVUmGE6A==}
    dev: false

  /fs.realpath@1.0.0:
    resolution: {integrity: sha512-OO0pH2lK6a0hZnAdau5ItzHPI6pUlvI7jMVnxUQRtw4owF2wk8lOSabtGDCTP4Ggrg2MbGnWO9X8K1t4+fGMDw==}
    dev: false

  /glob@7.2.3:
    resolution: {integrity: sha512-nFR0zLpU2YCaRxwoCJvL6UvCH2JFyFVIvwTLsIf21AuHlMskA1hhTdk+LlYJtOlYt9v6dvszD2BGRqBL+iQK9Q==}
    dependencies:
      fs.realpath: 1.0.0
      inflight: 1.0.6
      inherits: 2.0.4
      minimatch: 3.1.2
      once: 1.4.0
      path-is-absolute: 1.0.1
    dev: false

  /guy@11.12.0(acorn-loose@8.3.0)(acorn-walk@8.2.0)(acorn@8.8.2)(astring@1.8.4)(tmp@0.2.1):
    resolution: {integrity: sha512-lRYE5cZFTa1mNWtz2oTWxRWR8JUfGVb5kft0/rMxRYFh8zrffI+Zi5qwVGTL8G047qa8i/iNfAi/2MDc3Kufpg==}
    peerDependencies:
      acorn: ^8.7.1
      acorn-loose: ^8.3.0
      acorn-walk: ^8.2.0
      astring: ^1.8.3
      tmp: ^0.2.1
    dependencies:
      acorn: 8.8.2
      acorn-loose: 8.3.0
      acorn-walk: 8.2.0
      astring: 1.8.4
      intertype-legacy: 7.7.1
      letsfreezethat: 3.1.0
      tmp: 0.2.1
    dev: false

  /guy@13.5.0(acorn-loose@8.3.0)(acorn-walk@8.2.0)(acorn@8.8.2)(astring@1.8.4)(dayjs@1.11.7)(tmp@0.2.1):
    resolution: {integrity: sha512-GHHY/Ay1RvjQyFfv6giKc/MFGP8RiLYmBYFVHsjuRJ2EQj+RAZfWs1U7wAQF/Vnrdq83f+gEHbrDefnL9Eh+sg==}
    peerDependencies:
      acorn: ^8.7.1
      acorn-loose: ^8.3.0
      acorn-walk: ^8.2.0
      astring: ^1.8.3
      dayjs: ^1.11.7
      tmp: ^0.2.1
    dependencies:
      acorn: 8.8.2
      acorn-loose: 8.3.0
      acorn-walk: 8.2.0
      astring: 1.8.4
      dayjs: 1.11.7
      intertype-legacy: 7.7.1
      letsfreezethat: 3.1.0
      tmp: 0.2.1
    dev: false

  /inflight@1.0.6:
    resolution: {integrity: sha512-k92I/b08q4wvFscXCLvqfsHCrjrF7yiXsQuIVvVE7N82W3+aqpzuUdBbfhWcy/FZR3/4IgflMgKLOsvPDrGCJA==}
    dependencies:
      once: 1.4.0
      wrappy: 1.0.2
    dev: false

  /inherits@2.0.4:
    resolution: {integrity: sha512-k/vGaX4/Yla3WzyMCvTQOXYeIHvqOKtnqBduzTHpzpQZzAskKMhZ2K+EnBiSM9zGSoIFeMpXKxa4dYeZIQqewQ==}
    dev: false

  /intertype-legacy@7.7.1:
    resolution: {integrity: sha512-Bj3k9bCu8vA6JLIvnCrJXOdkecgY5wtCmORclJ87uq22N53swREHT5bezSeK5TwcxgSJEDg2wEfcn4kNr9Qv8A==}
    dependencies:
      multimix: 5.0.0
    dev: false

  /intertype@0.115.0(acorn-loose@8.3.0)(acorn-walk@8.2.0)(acorn@8.8.2)(astring@1.8.4)(tmp@0.2.1):
    resolution: {integrity: sha512-9avQXkbFU5MNHIMzo7RjQk48jKN73XP/2QEgHd6VvzsoLFTfOGelDOwWWnv2h5KdQVrqGKU3fcXqxZQLZt/qOw==}
    dependencies:
      guy: 11.12.0(acorn-loose@8.3.0)(acorn-walk@8.2.0)(acorn@8.8.2)(astring@1.8.4)(tmp@0.2.1)
      intertype-legacy: 7.7.1
      rfdc: 1.3.0
      to-width: 1.2.0
    transitivePeerDependencies:
      - acorn
      - acorn-loose
      - acorn-walk
      - astring
      - tmp
    dev: false

  /is-fullwidth-code-point@3.0.0:
    resolution: {integrity: sha512-zymm5+u+sCsSWyD9qNaejV3DFvhCKclKdizYaJUuHA83RLjb7nSuGnddCHGv0hk+KY7BMAlsWeK4Ueg6EV6XQg==}
    engines: {node: '>=8'}
    dev: false

  /letsfreezethat@3.1.0:
    resolution: {integrity: sha512-jJ1nvvQi6unW0WifjNPMIb64Byom0EXzSKWFYA++EpyjK3qv1J2pqeSoEJ61tGJoNG0GoNjPoeLYhxW16riZaA==}
    dev: false

  /minimatch@3.1.2:
    resolution: {integrity: sha512-J7p63hRiAjw1NDEww1W7i37+ByIrOWO5XQQAzZ3VOcL0PNybwpfmV/N05zFAzwQ9USyEcX6t3UO+K5aqBQOIHw==}
    dependencies:
      brace-expansion: 1.1.11
    dev: false

  /multimix@5.0.0:
    resolution: {integrity: sha512-N9cdGSDDD7kxOV7R6e4iZqsHTZ4F4iiSDWqMcVqx4gEH6HBtRXav39Gj3fgT1YqvBcwPCQuf0Oa5R2cDaLWK8A==}
    dev: false

  /once@1.4.0:
    resolution: {integrity: sha512-lNaJgI+2Q5URQBkccEKHTQOPaXdUxnZZElQTZY0MFUAuaEqe1E+Nyvgdz/aIyNi6Z9MzO5dv1H8n58/GELp3+w==}
    dependencies:
      wrappy: 1.0.2
    dev: false

  /path-is-absolute@1.0.1:
    resolution: {integrity: sha512-AVbw3UJ2e9bq64vSaS9Am0fje1Pa8pbGqTTsmXfaIiMpnr5DlDhfJOuLj9Sf95ZPVDAUerDfEk88MPmPe7UCQg==}
    engines: {node: '>=0.10.0'}
    dev: false

  /rfdc@1.3.0:
    resolution: {integrity: sha512-V2hovdzFbOi77/WajaSMXk2OLm+xNIeQdMMuB7icj7bk6zi2F8GGAxigcnDFpJHbNyNcgyJDiP+8nOrY5cZGrA==}
    dev: false

  /rimraf@3.0.2:
    resolution: {integrity: sha512-JZkJMZkAGFFPP2YqXZXPbMlMBgsxzE8ILs4lMIX/2o0L9UBw9O/Y3o6wFw/i9YLapcUJWwqbi3kdxIPdC62TIA==}
    hasBin: true
    dependencies:
      glob: 7.2.3
    dev: false

  /string-width@4.2.3:
    resolution: {integrity: sha512-wKyQRQpjJ0sIp62ErSZdGsjMJWsap5oRNihHhu6G7JVO/9jIB6UyevL+tXuOqrng8j/cxKTWyWUwvSTriiZz/g==}
    engines: {node: '>=8'}
    dependencies:
      emoji-regex: 8.0.0
      is-fullwidth-code-point: 3.0.0
      strip-ansi: 6.0.1
    dev: false

  /strip-ansi@6.0.1:
    resolution: {integrity: sha512-Y38VPSHcqkFrCpFnQ9vuSXmquuv5oXOKpGeT6aGrr3o3Gc9AlVa6JBfUSOCnbxGGZF+/0ooI7KrPuUSztUdU5A==}
    engines: {node: '>=8'}
    dependencies:
      ansi-regex: 5.0.1
    dev: false

  /tmp@0.2.1:
    resolution: {integrity: sha512-76SUhtfqR2Ijn+xllcI5P1oyannHNHByD80W1q447gU3mp9G9PSpGdWmjUOHRDPiHYacIk66W7ubDTuPF3BEtQ==}
    engines: {node: '>=8.17.0'}
    dependencies:
      rimraf: 3.0.2
    dev: false

  /to-width@1.2.0:
    resolution: {integrity: sha512-ok/CRyzSZVA6xk9t5PuWuh3SHqCtKCkhI6dfF2YaVX11clXz4yAxxyesC27+m54ilrMRtqTI9UNQRct8lwVYZQ==}
    dependencies:
      string-width: 4.2.3
      wcstring: 2.1.1
    dev: false

  /varsize-string@2.2.2:
    resolution: {integrity: sha512-Wuq8/cNzDSWYYQ1KlTk6IyGrRJOMU1YX21RSgEl3psbAGdExTBOIDWd80Z1n74A/24kStNT9QgylJHVjqgRpsQ==}
    dev: false

  /wcsize@1.0.0:
    resolution: {integrity: sha512-80ziCk3Z+iLfhgAbMBMU+PjoSFi9dg0FIKYd9xRiF15wfwJlzxu1mdIUdIv9iE1gpkX/4hV2QBbkNlydXgEFMA==}
    dev: false

  /wcstring@2.1.1:
    resolution: {integrity: sha512-81yoFUY/2Fw4RFzIkrlC47g7023/XkKofj62CNFT1kdZn6z7o2xhz8ffR7Wat76SuJTmrFNLmGDd7FLaZsIo5A==}
    dependencies:
      varsize-string: 2.2.2
      wcsize: 1.0.0
    dev: false

  /wrappy@1.0.2:
    resolution: {integrity: sha512-l4Sp/DRseor9wL6EvV2+TuQn63dMkPjZ/sp9XkghTEbV9KlPS1xUsZ3u7/IQO4wxtcFB4bgpQPRcR3QCvezPcQ==}
    dev: false
